{
  "requires": true,
  "lockfileVersion": 1,
  "dependencies": {
    "@pencil.js/canvas-gif-encoder": {
      "version": "1.1.2",
      "resolved": "https://registry.npmjs.org/@pencil.js/canvas-gif-encoder/-/canvas-gif-encoder-1.1.2.tgz",
      "integrity": "sha512-wOD6wFLnZ7gVzyiCRzkky1ugFhCFtVtOuUr+FL/svhZUFDhld0PGGG91C1rWRnIoKZaduPCREjWW7+I64u4yPQ==",
      "requires": {
        "@seregpie/k-means": "^1.0.2"
      }
    },
    "@seregpie/k-means": {
      "version": "1.0.2",
      "resolved": "https://registry.npmjs.org/@seregpie/k-means/-/k-means-1.0.2.tgz",
      "integrity": "sha512-qIkaRbFu4eteR88pORrOXbqVyZofToONpW2R3eQDz3wZevjAp19/WapjIBUf+Zm+dzsZM4bA5321POgHdubuAA==",
      "requires": {
        "just-my-luck": "^1.0.0"
      }
    },
    "just-my-luck": {
      "version": "1.0.1",
      "resolved": "https://registry.npmjs.org/just-my-luck/-/just-my-luck-1.0.1.tgz",
      "integrity": "sha512-3QhzqwgH6ub3EkqU73OGg1zfNkWnWnw5ZGDqqoLv/rUIW/2Z23AQV6A9mcFgBdMvkhW16T5xdMYi0KEu1PnjNg=="
    }
  }
}
